PODS:
  - AppCenter (1.10.0):
    - AppCenter/Analytics (= 1.10.0)
    - AppCenter/Crashes (= 1.10.0)
  - AppCenter/Analytics (1.10.0):
    - AppCenter/Core
  - AppCenter/Core (1.10.0)
  - AppCenter/Crashes (1.10.0):
    - AppCenter/Core
  - AppCenter/Push (1.10.0):
    - AppCenter/Core
  - SDWebImage (4.4.2):
    - SDWebImage/Core (= 4.4.2)
  - SDWebImage/Core (4.4.2)

DEPENDENCIES:
  - AppCenter
  - AppCenter/Push
  - SDWebImage

SPEC REPOS:
  https://github.com/cocoapods/specs.git:
    - AppCenter
    - SDWebImage

SPEC CHECKSUMS:
  AppCenter: 2d196f6547d274ab86836f9082cfdbd3d397e7b6
  SDWebImage: 624d6e296c69b244bcede364c72ae0430ac14681

PODFILE CHECKSUM: 8fd804eac0b6250d80c7f2d237760a18b9655e9f

COCOAPODS: 1.6.1
