// !$*UTF8*$!
{
	archiveVersion = 1;
	classes = {
	};
	objectVersion = 46;
	objects = {

/* Begin PBXBuildFile section */
		2C5545BD1C1124DE00728469 /* SwiftRadioUITests.swift in Sources */ = {isa = PBXBuildFile; fileRef = 2C5545BC1C1124DE00728469 /* SwiftRadioUITests.swift */; };
		4DA6A049F1CF99E5087081E5 /* Pods_SwiftRadioUITests.framework in Frameworks */ = {isa = PBXBuildFile; fileRef = 4DB2F4900DC5762BC6B9E824 /* Pods_SwiftRadioUITests.framework */; };
		5F22BA3C1F72AD5A00CB5911 /* SpringLabel.swift in Sources */ = {isa = PBXBuildFile; fileRef = 5F22BA1E1F72AD3700CB5911 /* SpringLabel.swift */; };
		5F22BA3D1F72AD5A00CB5911 /* BlurView.swift in Sources */ = {isa = PBXBuildFile; fileRef = 5F22BA1F1F72AD3900CB5911 /* BlurView.swift */; };
		5F22BA3E1F72AD5A00CB5911 /* DesignableTabBarController.swift in Sources */ = {isa = PBXBuildFile; fileRef = 5F22BA201F72AD3B00CB5911 /* DesignableTabBarController.swift */; };
		5F22BA3F1F72AD5A00CB5911 /* LoadingView.swift in Sources */ = {isa = PBXBuildFile; fileRef = 5F22BA211F72AD3C00CB5911 /* LoadingView.swift */; };
		5F22BA401F72AD5A00CB5911 /* SpringImageView.swift in Sources */ = {isa = PBXBuildFile; fileRef = 5F22BA231F72AD3E00CB5911 /* SpringImageView.swift */; };
		5F22BA411F72AD5A00CB5911 /* SpringTextField.swift in Sources */ = {isa = PBXBuildFile; fileRef = 5F22BA251F72AD3F00CB5911 /* SpringTextField.swift */; };
		5F22BA421F72AD5A00CB5911 /* SoundPlayer.swift in Sources */ = {isa = PBXBuildFile; fileRef = 5F22BA261F72AD4000CB5911 /* SoundPlayer.swift */; };
		5F22BA431F72AD5A00CB5911 /* SpringTextView.swift in Sources */ = {isa = PBXBuildFile; fileRef = 5F22BA271F72AD4200CB5911 /* SpringTextView.swift */; };
		5F22BA441F72AD5A00CB5911 /* SpringButton.swift in Sources */ = {isa = PBXBuildFile; fileRef = 5F22BA281F72AD4300CB5911 /* SpringButton.swift */; };
		5F22BA451F72AD5A00CB5911 /* DesignableLabel.swift in Sources */ = {isa = PBXBuildFile; fileRef = 5F22BA291F72AD4400CB5911 /* DesignableLabel.swift */; };
		5F22BA461F72AD5A00CB5911 /* AsyncButton.swift in Sources */ = {isa = PBXBuildFile; fileRef = 5F22BA2A1F72AD4500CB5911 /* AsyncButton.swift */; };
		5F22BA471F72AD5A00CB5911 /* DesignableTextField.swift in Sources */ = {isa = PBXBuildFile; fileRef = 5F22BA2B1F72AD4600CB5911 /* DesignableTextField.swift */; };
		5F22BA481F72AD5A00CB5911 /* DesignableButton.swift in Sources */ = {isa = PBXBuildFile; fileRef = 5F22BA2C1F72AD4900CB5911 /* DesignableButton.swift */; };
		5F22BA491F72AD5A00CB5911 /* AsyncImageView.swift in Sources */ = {isa = PBXBuildFile; fileRef = 5F22BA2D1F72AD4A00CB5911 /* AsyncImageView.swift */; };
		5F22BA4A1F72AD5A00CB5911 /* DesignableTextView.swift in Sources */ = {isa = PBXBuildFile; fileRef = 5F22BA2E1F72AD4B00CB5911 /* DesignableTextView.swift */; };
		5F22BA4B1F72AD5A00CB5911 /* KeyboardLayoutConstraint.swift in Sources */ = {isa = PBXBuildFile; fileRef = 5F22BA2F1F72AD4C00CB5911 /* KeyboardLayoutConstraint.swift */; };
		5F22BA4C1F72AD5A00CB5911 /* ImageLoader.swift in Sources */ = {isa = PBXBuildFile; fileRef = 5F22BA301F72AD4E00CB5911 /* ImageLoader.swift */; };
		5F22BA4D1F72AD5A00CB5911 /* DesignableImageView.swift in Sources */ = {isa = PBXBuildFile; fileRef = 5F22BA311F72AD4E00CB5911 /* DesignableImageView.swift */; };
		5F22BA4E1F72AD5A00CB5911 /* Misc.swift in Sources */ = {isa = PBXBuildFile; fileRef = 5F22BA321F72AD5000CB5911 /* Misc.swift */; };
		5F22BA4F1F72AD5A00CB5911 /* TransitionManager.swift in Sources */ = {isa = PBXBuildFile; fileRef = 5F22BA331F72AD5200CB5911 /* TransitionManager.swift */; };
		5F22BA501F72AD5A00CB5911 /* Spring.swift in Sources */ = {isa = PBXBuildFile; fileRef = 5F22BA341F72AD5300CB5911 /* Spring.swift */; };
		5F22BA511F72AD5A00CB5911 /* TransitionZoom.swift in Sources */ = {isa = PBXBuildFile; fileRef = 5F22BA351F72AD5400CB5911 /* TransitionZoom.swift */; };
		5F22BA521F72AD5A00CB5911 /* UnwindSegue.swift in Sources */ = {isa = PBXBuildFile; fileRef = 5F22BA371F72AD5600CB5911 /* UnwindSegue.swift */; };
		5F22BA531F72AD5A00CB5911 /* SpringAnimation.swift in Sources */ = {isa = PBXBuildFile; fileRef = 5F22BA381F72AD5700CB5911 /* SpringAnimation.swift */; };
		5F22BA541F72AD5A00CB5911 /* SpringView.swift in Sources */ = {isa = PBXBuildFile; fileRef = 5F22BA391F72AD5700CB5911 /* SpringView.swift */; };
		5F22BA551F72AD5A00CB5911 /* AutoTextView.swift in Sources */ = {isa = PBXBuildFile; fileRef = 5F22BA3A1F72AD5800CB5911 /* AutoTextView.swift */; };
		5F22BA561F72AD5A00CB5911 /* DesignableView.swift in Sources */ = {isa = PBXBuildFile; fileRef = 5F22BA3B1F72AD5900CB5911 /* DesignableView.swift */; };
		5FDEE0221F72FF980064333C /* LaunchScreen.storyboard in Resources */ = {isa = PBXBuildFile; fileRef = 5FDEE0211F72FF980064333C /* LaunchScreen.storyboard */; };
		73014863230ABAC500D5C046 /* SongRequestsTableViewCell.swift in Sources */ = {isa = PBXBuildFile; fileRef = 7327282622747C7400232A70 /* SongRequestsTableViewCell.swift */; };
		73014864230ABB3200D5C046 /* UIImage+DropShadow.swift in Sources */ = {isa = PBXBuildFile; fileRef = 94E9761B1B1A8F3200F52B1E /* UIImage+DropShadow.swift */; };
		73014867230B656A00D5C046 /* ColorService.swift in Sources */ = {isa = PBXBuildFile; fileRef = 73014866230B656A00D5C046 /* ColorService.swift */; };
		73014869230B65D300D5C046 /* SongRequestsTVViewController.swift in Sources */ = {isa = PBXBuildFile; fileRef = 73014868230B65D200D5C046 /* SongRequestsTVViewController.swift */; };
		7327282522747A2B00232A70 /* SongRequests.swift in Sources */ = {isa = PBXBuildFile; fileRef = 7327282422747A2B00232A70 /* SongRequests.swift */; };
		7327282722747C7400232A70 /* SongRequestsTableViewCell.swift in Sources */ = {isa = PBXBuildFile; fileRef = 7327282622747C7400232A70 /* SongRequestsTableViewCell.swift */; };
		73338A792311815500952DC9 /* SongRequestResult.swift in Sources */ = {isa = PBXBuildFile; fileRef = 73338A782311815500952DC9 /* SongRequestResult.swift */; };
		73338A7A2311828100952DC9 /* SongRequestResult.swift in Sources */ = {isa = PBXBuildFile; fileRef = 73338A782311815500952DC9 /* SongRequestResult.swift */; };
		73338A7C23118A5700952DC9 /* AtvImageButton.swift in Sources */ = {isa = PBXBuildFile; fileRef = 73338A7B23118A5700952DC9 /* AtvImageButton.swift */; };
		733798FE23080BE700450180 /* RadioPlayer.swift in Sources */ = {isa = PBXBuildFile; fileRef = CAA8FDB42000614600050F77 /* RadioPlayer.swift */; };
		733798FF2308140D00450180 /* UIImageView+Download.swift in Sources */ = {isa = PBXBuildFile; fileRef = 949E5EAF1ACB340200AB6280 /* UIImageView+Download.swift */; };
		73379900230820D100450180 /* AnimationFrames.swift in Sources */ = {isa = PBXBuildFile; fileRef = 94D260951B45E3FA00DE671C /* AnimationFrames.swift */; };
		7337990123086C1400450180 /* Images.xcassets in Resources */ = {isa = PBXBuildFile; fileRef = 9409E1251ABF6FEA00312E2B /* Images.xcassets */; };
		7356BF4823024AD90042E541 /* AppDelegate.swift in Sources */ = {isa = PBXBuildFile; fileRef = 7356BF4723024AD90042E541 /* AppDelegate.swift */; };
		7356BF4A23024AD90042E541 /* NowPlayingTVViewController.swift in Sources */ = {isa = PBXBuildFile; fileRef = 7356BF4923024AD90042E541 /* NowPlayingTVViewController.swift */; };
		7356BF4D23024AD90042E541 /* Main.storyboard in Resources */ = {isa = PBXBuildFile; fileRef = 7356BF4B23024AD90042E541 /* Main.storyboard */; };
		7356BF4F23024ADB0042E541 /* Assets.xcassets in Resources */ = {isa = PBXBuildFile; fileRef = 7356BF4E23024ADB0042E541 /* Assets.xcassets */; };
		7366C6DF2306304400833A1D /* StationCollectionViewCell.swift in Sources */ = {isa = PBXBuildFile; fileRef = 7366C6DE2306304400833A1D /* StationCollectionViewCell.swift */; };
		7366C6E4230637AF00833A1D /* DataManager.swift in Sources */ = {isa = PBXBuildFile; fileRef = 949BBB3F1ACC9DEE005B7C26 /* DataManager.swift */; };
		7366C6E5230637B500833A1D /* RadioStation.swift in Sources */ = {isa = PBXBuildFile; fileRef = 94AC70AD1AD05C6200652982 /* RadioStation.swift */; };
		7366C6E6230637BA00833A1D /* Track.swift in Sources */ = {isa = PBXBuildFile; fileRef = 94D260971B45E8B800DE671C /* Track.swift */; };
		7366C6E7230637BD00833A1D /* SongRequests.swift in Sources */ = {isa = PBXBuildFile; fileRef = 7327282422747A2B00232A70 /* SongRequests.swift */; };
		7366C6E82306380500833A1D /* SwiftRadio-Settings.swift in Sources */ = {isa = PBXBuildFile; fileRef = 94D260901B45D20000DE671C /* SwiftRadio-Settings.swift */; };
		7366C6EA23063AB800833A1D /* StationsCollectionViewController.swift in Sources */ = {isa = PBXBuildFile; fileRef = 7366C6E923063AB800833A1D /* StationsCollectionViewController.swift */; };
		7366C6EC23063BFD00833A1D /* FRadioAPI.swift in Sources */ = {isa = PBXBuildFile; fileRef = 81AD229921646DEA002ADFDD /* FRadioAPI.swift */; };
		7366C6ED23063C0000833A1D /* FRadioPlayer.swift in Sources */ = {isa = PBXBuildFile; fileRef = 81AD229821646DEA002ADFDD /* FRadioPlayer.swift */; };
		7366C6EE23063C0400833A1D /* Reachability.swift in Sources */ = {isa = PBXBuildFile; fileRef = 81AD229A21646DEA002ADFDD /* Reachability.swift */; };
		7366C6EF23063C0900833A1D /* AsyncButton.swift in Sources */ = {isa = PBXBuildFile; fileRef = 5F22BA2A1F72AD4500CB5911 /* AsyncButton.swift */; };
		7366C6F023063C1500833A1D /* AsyncImageView.swift in Sources */ = {isa = PBXBuildFile; fileRef = 5F22BA2D1F72AD4A00CB5911 /* AsyncImageView.swift */; };
		7366C6F123063C1800833A1D /* AutoTextView.swift in Sources */ = {isa = PBXBuildFile; fileRef = 5F22BA3A1F72AD5800CB5911 /* AutoTextView.swift */; };
		7366C6F223063C1B00833A1D /* BlurView.swift in Sources */ = {isa = PBXBuildFile; fileRef = 5F22BA1F1F72AD3900CB5911 /* BlurView.swift */; };
		7366C6F323063C1F00833A1D /* DesignableButton.swift in Sources */ = {isa = PBXBuildFile; fileRef = 5F22BA2C1F72AD4900CB5911 /* DesignableButton.swift */; };
		7366C6F423063C2200833A1D /* DesignableImageView.swift in Sources */ = {isa = PBXBuildFile; fileRef = 5F22BA311F72AD4E00CB5911 /* DesignableImageView.swift */; };
		7366C6F523063C2500833A1D /* DesignableLabel.swift in Sources */ = {isa = PBXBuildFile; fileRef = 5F22BA291F72AD4400CB5911 /* DesignableLabel.swift */; };
		7366C6F623063C2800833A1D /* DesignableTabBarController.swift in Sources */ = {isa = PBXBuildFile; fileRef = 5F22BA201F72AD3B00CB5911 /* DesignableTabBarController.swift */; };
		7366C6F723063C2B00833A1D /* DesignableTextField.swift in Sources */ = {isa = PBXBuildFile; fileRef = 5F22BA2B1F72AD4600CB5911 /* DesignableTextField.swift */; };
		7366C6F823063C2F00833A1D /* DesignableTextView.swift in Sources */ = {isa = PBXBuildFile; fileRef = 5F22BA2E1F72AD4B00CB5911 /* DesignableTextView.swift */; };
		7366C6F923063C3100833A1D /* DesignableView.swift in Sources */ = {isa = PBXBuildFile; fileRef = 5F22BA3B1F72AD5900CB5911 /* DesignableView.swift */; };
		7366C6FA23063C3400833A1D /* ImageLoader.swift in Sources */ = {isa = PBXBuildFile; fileRef = 5F22BA301F72AD4E00CB5911 /* ImageLoader.swift */; };
		7366C6FC23063C3B00833A1D /* LoadingView.swift in Sources */ = {isa = PBXBuildFile; fileRef = 5F22BA211F72AD3C00CB5911 /* LoadingView.swift */; };
		7366C6FD23063C4600833A1D /* Misc.swift in Sources */ = {isa = PBXBuildFile; fileRef = 5F22BA321F72AD5000CB5911 /* Misc.swift */; };
		7366C6FE23063C4A00833A1D /* SoundPlayer.swift in Sources */ = {isa = PBXBuildFile; fileRef = 5F22BA261F72AD4000CB5911 /* SoundPlayer.swift */; };
		7366C6FF23063C4F00833A1D /* Spring.swift in Sources */ = {isa = PBXBuildFile; fileRef = 5F22BA341F72AD5300CB5911 /* Spring.swift */; };
		7366C70023063C5300833A1D /* SpringAnimation.swift in Sources */ = {isa = PBXBuildFile; fileRef = 5F22BA381F72AD5700CB5911 /* SpringAnimation.swift */; };
		7366C70123063C5700833A1D /* SpringButton.swift in Sources */ = {isa = PBXBuildFile; fileRef = 5F22BA281F72AD4300CB5911 /* SpringButton.swift */; };
		7366C70223063C5A00833A1D /* SpringImageView.swift in Sources */ = {isa = PBXBuildFile; fileRef = 5F22BA231F72AD3E00CB5911 /* SpringImageView.swift */; };
		7366C70323063C5F00833A1D /* SpringLabel.swift in Sources */ = {isa = PBXBuildFile; fileRef = 5F22BA1E1F72AD3700CB5911 /* SpringLabel.swift */; };
		7366C70423063C6200833A1D /* SpringTextField.swift in Sources */ = {isa = PBXBuildFile; fileRef = 5F22BA251F72AD3F00CB5911 /* SpringTextField.swift */; };
		7366C70523063C6500833A1D /* SpringTextView.swift in Sources */ = {isa = PBXBuildFile; fileRef = 5F22BA271F72AD4200CB5911 /* SpringTextView.swift */; };
		7366C70623063C6800833A1D /* SpringView.swift in Sources */ = {isa = PBXBuildFile; fileRef = 5F22BA391F72AD5700CB5911 /* SpringView.swift */; };
		7366C70723063C6C00833A1D /* TransitionManager.swift in Sources */ = {isa = PBXBuildFile; fileRef = 5F22BA331F72AD5200CB5911 /* TransitionManager.swift */; };
		7366C70823063C6F00833A1D /* TransitionZoom.swift in Sources */ = {isa = PBXBuildFile; fileRef = 5F22BA351F72AD5400CB5911 /* TransitionZoom.swift */; };
		7366C70923063C7200833A1D /* UnwindSegue.swift in Sources */ = {isa = PBXBuildFile; fileRef = 5F22BA371F72AD5600CB5911 /* UnwindSegue.swift */; };
		73DEB0BA230C06B4000614D4 /* SongRequestsTVTableViewCell.swift in Sources */ = {isa = PBXBuildFile; fileRef = 73DEB0B9230C06B4000614D4 /* SongRequestsTVTableViewCell.swift */; };
		81AD229B21646DEA002ADFDD /* FRadioPlayer.swift in Sources */ = {isa = PBXBuildFile; fileRef = 81AD229821646DEA002ADFDD /* FRadioPlayer.swift */; };
		81AD229C21646DEA002ADFDD /* FRadioAPI.swift in Sources */ = {isa = PBXBuildFile; fileRef = 81AD229921646DEA002ADFDD /* FRadioAPI.swift */; };
		81AD229D21646DEA002ADFDD /* Reachability.swift in Sources */ = {isa = PBXBuildFile; fileRef = 81AD229A21646DEA002ADFDD /* Reachability.swift */; };
		9409E11C1ABF6FEA00312E2B /* AppDelegate.swift in Sources */ = {isa = PBXBuildFile; fileRef = 9409E11B1ABF6FEA00312E2B /* AppDelegate.swift */; };
		9409E1261ABF6FEA00312E2B /* Images.xcassets in Resources */ = {isa = PBXBuildFile; fileRef = 9409E1251ABF6FEA00312E2B /* Images.xcassets */; };
		9409E1401ABF78B000312E2B /* NowPlayingViewController.swift in Sources */ = {isa = PBXBuildFile; fileRef = 9409E13F1ABF78B000312E2B /* NowPlayingViewController.swift */; };
		942A3F371AE43DF80011396E /* StationsViewController.swift in Sources */ = {isa = PBXBuildFile; fileRef = 942A3F361AE43DF80011396E /* StationsViewController.swift */; };
		94452E4F1AD6F24700BFE7A5 /* PopUpMenuViewController.swift in Sources */ = {isa = PBXBuildFile; fileRef = 94452E4E1AD6F24700BFE7A5 /* PopUpMenuViewController.swift */; };
		94452E551AD7086800BFE7A5 /* AboutViewController.swift in Sources */ = {isa = PBXBuildFile; fileRef = 94452E541AD7086800BFE7A5 /* AboutViewController.swift */; };
		945DB3C21AD58E3A00495EBB /* stations.json in Resources */ = {isa = PBXBuildFile; fileRef = 945DB3C11AD58E3A00495EBB /* stations.json */; };
		945DB3C51AD5A6E200495EBB /* NothingFoundCell.xib in Resources */ = {isa = PBXBuildFile; fileRef = 945DB3C41AD5A6E200495EBB /* NothingFoundCell.xib */; };
		949BBB401ACC9DEE005B7C26 /* DataManager.swift in Sources */ = {isa = PBXBuildFile; fileRef = 949BBB3F1ACC9DEE005B7C26 /* DataManager.swift */; };
		949E5EB01ACB340200AB6280 /* UIImageView+Download.swift in Sources */ = {isa = PBXBuildFile; fileRef = 949E5EAF1ACB340200AB6280 /* UIImageView+Download.swift */; };
		94AC70AE1AD05C6200652982 /* RadioStation.swift in Sources */ = {isa = PBXBuildFile; fileRef = 94AC70AD1AD05C6200652982 /* RadioStation.swift */; };
		94D1D0A51AD6D6230022CA11 /* InfoDetailViewController.swift in Sources */ = {isa = PBXBuildFile; fileRef = 94D1D0A41AD6D6230022CA11 /* InfoDetailViewController.swift */; };
		94D260911B45D20000DE671C /* SwiftRadio-Settings.swift in Sources */ = {isa = PBXBuildFile; fileRef = 94D260901B45D20000DE671C /* SwiftRadio-Settings.swift */; };
		94D260961B45E3FA00DE671C /* AnimationFrames.swift in Sources */ = {isa = PBXBuildFile; fileRef = 94D260951B45E3FA00DE671C /* AnimationFrames.swift */; };
		94D260981B45E8B800DE671C /* Track.swift in Sources */ = {isa = PBXBuildFile; fileRef = 94D260971B45E8B800DE671C /* Track.swift */; };
		94D30EA71AD07A880024FE96 /* StationTableViewCell.swift in Sources */ = {isa = PBXBuildFile; fileRef = 94D30EA61AD07A880024FE96 /* StationTableViewCell.swift */; };
		94E9761C1B1A8F3200F52B1E /* UIImage+DropShadow.swift in Sources */ = {isa = PBXBuildFile; fileRef = 94E9761B1B1A8F3200F52B1E /* UIImage+DropShadow.swift */; };
		9C5DD92C019D19BABD5C4407 /* Pods_SwiftRadioTV.framework in Frameworks */ = {isa = PBXBuildFile; fileRef = 43152EB3E771CCDC3B090AD4 /* Pods_SwiftRadioTV.framework */; };
		CAA8FDB52000614600050F77 /* RadioPlayer.swift in Sources */ = {isa = PBXBuildFile; fileRef = CAA8FDB42000614600050F77 /* RadioPlayer.swift */; };
		CE108E7322060C3F003CDF06 /* AppDelegate+CarPlay.swift in Sources */ = {isa = PBXBuildFile; fileRef = CE108E7222060C3F003CDF06 /* AppDelegate+CarPlay.swift */; };
		CE108E7622060E4B003CDF06 /* CarPlayPlaylist.swift in Sources */ = {isa = PBXBuildFile; fileRef = CE108E7522060E4B003CDF06 /* CarPlayPlaylist.swift */; };
		CE108E7A22064B24003CDF06 /* StationsViewController+CarPlay.swift in Sources */ = {isa = PBXBuildFile; fileRef = CE108E7922064B24003CDF06 /* StationsViewController+CarPlay.swift */; };
		CF72ACE721F7155200461EED /* Main.storyboard in Resources */ = {isa = PBXBuildFile; fileRef = CF72ACE621F714D000461EED /* Main.storyboard */; };
		F217E75E02009F0EFC1903E9 /* Pods_SwiftRadio.framework in Frameworks */ = {isa = PBXBuildFile; fileRef = DBA47F48757E1DCC49A1B91B /* Pods_SwiftRadio.framework */; };
/* End PBXBuildFile section */

/* Begin PBXContainerItemProxy section */
		2C5545BF1C1124DE00728469 /* PBXContainerItemProxy */ = {
			isa = PBXContainerItemProxy;
			containerPortal = 9409E10E1ABF6FE900312E2B /* Project object */;
			proxyType = 1;
			remoteGlobalIDString = 9409E1151ABF6FEA00312E2B;
			remoteInfo = SwiftRadio;
		};
/* End PBXContainerItemProxy section */

/* Begin PBXFileReference section */
		0FFDF6AA7515366B74955C7E /* Pods-SwiftRadioTV.release.xcconfig */ = {isa = PBXFileReference; includeInIndex = 1; lastKnownFileType = text.xcconfig; name = "Pods-SwiftRadioTV.release.xcconfig"; path = "Target Support Files/Pods-SwiftRadioTV/Pods-SwiftRadioTV.release.xcconfig"; sourceTree = "<group>"; };
		2C5545BA1C1124DE00728469 /* SwiftRadioUITests.xctest */ = {isa = PBXFileReference; explicitFileType = wrapper.cfbundle; includeInIndex = 0; path = SwiftRadioUITests.xctest; sourceTree = BUILT_PRODUCTS_DIR; };
		2C5545BC1C1124DE00728469 /* SwiftRadioUITests.swift */ = {isa = PBXFileReference; lastKnownFileType = sourcecode.swift; path = SwiftRadioUITests.swift; sourceTree = "<group>"; };
		2C5545BE1C1124DE00728469 /* Info.plist */ = {isa = PBXFileReference; lastKnownFileType = text.plist.xml; path = Info.plist; sourceTree = "<group>"; };
		32881C9443DC40929DC0A656 /* Pods-SwiftRadio.debug.xcconfig */ = {isa = PBXFileReference; includeInIndex = 1; lastKnownFileType = text.xcconfig; name = "Pods-SwiftRadio.debug.xcconfig"; path = "Target Support Files/Pods-SwiftRadio/Pods-SwiftRadio.debug.xcconfig"; sourceTree = "<group>"; };
		43152EB3E771CCDC3B090AD4 /* Pods_SwiftRadioTV.framework */ = {isa = PBXFileReference; explicitFileType = wrapper.framework; includeInIndex = 0; path = Pods_SwiftRadioTV.framework; sourceTree = BUILT_PRODUCTS_DIR; };
		4DB2F4900DC5762BC6B9E824 /* Pods_SwiftRadioUITests.framework */ = {isa = PBXFileReference; explicitFileType = wrapper.framework; includeInIndex = 0; path = Pods_SwiftRadioUITests.framework; sourceTree = BUILT_PRODUCTS_DIR; };
		5F22BA1E1F72AD3700CB5911 /* SpringLabel.swift */ = {isa = PBXFileReference; lastKnownFileType = sourcecode.swift; path = SpringLabel.swift; sourceTree = "<group>"; };
		5F22BA1F1F72AD3900CB5911 /* BlurView.swift */ = {isa = PBXFileReference; lastKnownFileType = sourcecode.swift; path = BlurView.swift; sourceTree = "<group>"; };
		5F22BA201F72AD3B00CB5911 /* DesignableTabBarController.swift */ = {isa = PBXFileReference; lastKnownFileType = sourcecode.swift; path = DesignableTabBarController.swift; sourceTree = "<group>"; };
		5F22BA211F72AD3C00CB5911 /* LoadingView.swift */ = {isa = PBXFileReference; lastKnownFileType = sourcecode.swift; path = LoadingView.swift; sourceTree = "<group>"; };
		5F22BA221F72AD3C00CB5911 /* Spring.h */ = {isa = PBXFileReference; lastKnownFileType = sourcecode.c.h; path = Spring.h; sourceTree = "<group>"; };
		5F22BA231F72AD3E00CB5911 /* SpringImageView.swift */ = {isa = PBXFileReference; lastKnownFileType = sourcecode.swift; path = SpringImageView.swift; sourceTree = "<group>"; };
		5F22BA241F72AD3E00CB5911 /* LoadingView.xib */ = {isa = PBXFileReference; lastKnownFileType = file.xib; path = LoadingView.xib; sourceTree = "<group>"; };
		5F22BA251F72AD3F00CB5911 /* SpringTextField.swift */ = {isa = PBXFileReference; lastKnownFileType = sourcecode.swift; path = SpringTextField.swift; sourceTree = "<group>"; };
		5F22BA261F72AD4000CB5911 /* SoundPlayer.swift */ = {isa = PBXFileReference; lastKnownFileType = sourcecode.swift; path = SoundPlayer.swift; sourceTree = "<group>"; };
		5F22BA271F72AD4200CB5911 /* SpringTextView.swift */ = {isa = PBXFileReference; lastKnownFileType = sourcecode.swift; path = SpringTextView.swift; sourceTree = "<group>"; };
		5F22BA281F72AD4300CB5911 /* SpringButton.swift */ = {isa = PBXFileReference; lastKnownFileType = sourcecode.swift; path = SpringButton.swift; sourceTree = "<group>"; };
		5F22BA291F72AD4400CB5911 /* DesignableLabel.swift */ = {isa = PBXFileReference; lastKnownFileType = sourcecode.swift; path = DesignableLabel.swift; sourceTree = "<group>"; };
		5F22BA2A1F72AD4500CB5911 /* AsyncButton.swift */ = {isa = PBXFileReference; lastKnownFileType = sourcecode.swift; path = AsyncButton.swift; sourceTree = "<group>"; };
		5F22BA2B1F72AD4600CB5911 /* DesignableTextField.swift */ = {isa = PBXFileReference; lastKnownFileType = sourcecode.swift; path = DesignableTextField.swift; sourceTree = "<group>"; };
		5F22BA2C1F72AD4900CB5911 /* DesignableButton.swift */ = {isa = PBXFileReference; lastKnownFileType = sourcecode.swift; path = DesignableButton.swift; sourceTree = "<group>"; };
		5F22BA2D1F72AD4A00CB5911 /* AsyncImageView.swift */ = {isa = PBXFileReference; lastKnownFileType = sourcecode.swift; path = AsyncImageView.swift; sourceTree = "<group>"; };
		5F22BA2E1F72AD4B00CB5911 /* DesignableTextView.swift */ = {isa = PBXFileReference; lastKnownFileType = sourcecode.swift; path = DesignableTextView.swift; sourceTree = "<group>"; };
		5F22BA2F1F72AD4C00CB5911 /* KeyboardLayoutConstraint.swift */ = {isa = PBXFileReference; lastKnownFileType = sourcecode.swift; path = KeyboardLayoutConstraint.swift; sourceTree = "<group>"; };
		5F22BA301F72AD4E00CB5911 /* ImageLoader.swift */ = {isa = PBXFileReference; lastKnownFileType = sourcecode.swift; path = ImageLoader.swift; sourceTree = "<group>"; };
		5F22BA311F72AD4E00CB5911 /* DesignableImageView.swift */ = {isa = PBXFileReference; lastKnownFileType = sourcecode.swift; path = DesignableImageView.swift; sourceTree = "<group>"; };
		5F22BA321F72AD5000CB5911 /* Misc.swift */ = {isa = PBXFileReference; lastKnownFileType = sourcecode.swift; path = Misc.swift; sourceTree = "<group>"; };
		5F22BA331F72AD5200CB5911 /* TransitionManager.swift */ = {isa = PBXFileReference; lastKnownFileType = sourcecode.swift; path = TransitionManager.swift; sourceTree = "<group>"; };
		5F22BA341F72AD5300CB5911 /* Spring.swift */ = {isa = PBXFileReference; lastKnownFileType = sourcecode.swift; path = Spring.swift; sourceTree = "<group>"; };
		5F22BA351F72AD5400CB5911 /* TransitionZoom.swift */ = {isa = PBXFileReference; lastKnownFileType = sourcecode.swift; path = TransitionZoom.swift; sourceTree = "<group>"; };
		5F22BA361F72AD5500CB5911 /* Info.plist */ = {isa = PBXFileReference; lastKnownFileType = text.plist.xml; path = Info.plist; sourceTree = "<group>"; };
		5F22BA371F72AD5600CB5911 /* UnwindSegue.swift */ = {isa = PBXFileReference; lastKnownFileType = sourcecode.swift; path = UnwindSegue.swift; sourceTree = "<group>"; };
		5F22BA381F72AD5700CB5911 /* SpringAnimation.swift */ = {isa = PBXFileReference; lastKnownFileType = sourcecode.swift; path = SpringAnimation.swift; sourceTree = "<group>"; };
		5F22BA391F72AD5700CB5911 /* SpringView.swift */ = {isa = PBXFileReference; lastKnownFileType = sourcecode.swift; path = SpringView.swift; sourceTree = "<group>"; };
		5F22BA3A1F72AD5800CB5911 /* AutoTextView.swift */ = {isa = PBXFileReference; lastKnownFileType = sourcecode.swift; path = AutoTextView.swift; sourceTree = "<group>"; };
		5F22BA3B1F72AD5900CB5911 /* DesignableView.swift */ = {isa = PBXFileReference; lastKnownFileType = sourcecode.swift; path = DesignableView.swift; sourceTree = "<group>"; };
		5FDEE0211F72FF980064333C /* LaunchScreen.storyboard */ = {isa = PBXFileReference; lastKnownFileType = file.storyboard; path = LaunchScreen.storyboard; sourceTree = "<group>"; };
		61687AAA7BD4252EAB68D047 /* Pods-SwiftRadioUITests.debug.xcconfig */ = {isa = PBXFileReference; includeInIndex = 1; lastKnownFileType = text.xcconfig; name = "Pods-SwiftRadioUITests.debug.xcconfig"; path = "Target Support Files/Pods-SwiftRadioUITests/Pods-SwiftRadioUITests.debug.xcconfig"; sourceTree = "<group>"; };
		73014866230B656A00D5C046 /* ColorService.swift */ = {isa = PBXFileReference; fileEncoding = 4; lastKnownFileType = sourcecode.swift; path = ColorService.swift; sourceTree = "<group>"; };
		73014868230B65D200D5C046 /* SongRequestsTVViewController.swift */ = {isa = PBXFileReference; fileEncoding = 4; lastKnownFileType = sourcecode.swift; path = SongRequestsTVViewController.swift; sourceTree = "<group>"; };
		7327282422747A2B00232A70 /* SongRequests.swift */ = {isa = PBXFileReference; lastKnownFileType = sourcecode.swift; path = SongRequests.swift; sourceTree = "<group>"; };
		7327282622747C7400232A70 /* SongRequestsTableViewCell.swift */ = {isa = PBXFileReference; lastKnownFileType = sourcecode.swift; path = SongRequestsTableViewCell.swift; sourceTree = "<group>"; };
		73338A782311815500952DC9 /* SongRequestResult.swift */ = {isa = PBXFileReference; lastKnownFileType = sourcecode.swift; path = SongRequestResult.swift; sourceTree = "<group>"; };
		73338A7B23118A5700952DC9 /* AtvImageButton.swift */ = {isa = PBXFileReference; lastKnownFileType = sourcecode.swift; path = AtvImageButton.swift; sourceTree = "<group>"; };
		7356BF4523024AD90042E541 /* SwiftRadioTV.app */ = {isa = PBXFileReference; explicitFileType = wrapper.application; includeInIndex = 0; path = SwiftRadioTV.app; sourceTree = BUILT_PRODUCTS_DIR; };
		7356BF4723024AD90042E541 /* AppDelegate.swift */ = {isa = PBXFileReference; lastKnownFileType = sourcecode.swift; path = AppDelegate.swift; sourceTree = "<group>"; };
		7356BF4923024AD90042E541 /* NowPlayingTVViewController.swift */ = {isa = PBXFileReference; lastKnownFileType = sourcecode.swift; path = NowPlayingTVViewController.swift; sourceTree = "<group>"; };
		7356BF4C23024AD90042E541 /* Base */ = {isa = PBXFileReference; lastKnownFileType = file.storyboard; name = Base; path = Base.lproj/Main.storyboard; sourceTree = "<group>"; };
		7356BF4E23024ADB0042E541 /* Assets.xcassets */ = {isa = PBXFileReference; lastKnownFileType = folder.assetcatalog; path = Assets.xcassets; sourceTree = "<group>"; };
		7356BF5023024ADB0042E541 /* Info.plist */ = {isa = PBXFileReference; lastKnownFileType = text.plist.xml; path = Info.plist; sourceTree = "<group>"; };
		7366C6DE2306304400833A1D /* StationCollectionViewCell.swift */ = {isa = PBXFileReference; lastKnownFileType = sourcecode.swift; path = StationCollectionViewCell.swift; sourceTree = "<group>"; };
		7366C6E923063AB800833A1D /* StationsCollectionViewController.swift */ = {isa = PBXFileReference; lastKnownFileType = sourcecode.swift; path = StationsCollectionViewController.swift; sourceTree = "<group>"; };
		73DEB0B9230C06B4000614D4 /* SongRequestsTVTableViewCell.swift */ = {isa = PBXFileReference; fileEncoding = 4; lastKnownFileType = sourcecode.swift; path = SongRequestsTVTableViewCell.swift; sourceTree = "<group>"; };
		7F712F254C15653ACE12F367 /* Pods-SwiftRadio.release.xcconfig */ = {isa = PBXFileReference; includeInIndex = 1; lastKnownFileType = text.xcconfig; name = "Pods-SwiftRadio.release.xcconfig"; path = "Target Support Files/Pods-SwiftRadio/Pods-SwiftRadio.release.xcconfig"; sourceTree = "<group>"; };
		81AD229821646DEA002ADFDD /* FRadioPlayer.swift */ = {isa = PBXFileReference; fileEncoding = 4; lastKnownFileType = sourcecode.swift; path = FRadioPlayer.swift; sourceTree = "<group>"; };
		81AD229921646DEA002ADFDD /* FRadioAPI.swift */ = {isa = PBXFileReference; fileEncoding = 4; lastKnownFileType = sourcecode.swift; path = FRadioAPI.swift; sourceTree = "<group>"; };
		81AD229A21646DEA002ADFDD /* Reachability.swift */ = {isa = PBXFileReference; fileEncoding = 4; lastKnownFileType = sourcecode.swift; path = Reachability.swift; sourceTree = "<group>"; };
		8E3F4E303BBEED8B43033194 /* Pods-SwiftRadioUITests.release.xcconfig */ = {isa = PBXFileReference; includeInIndex = 1; lastKnownFileType = text.xcconfig; name = "Pods-SwiftRadioUITests.release.xcconfig"; path = "Target Support Files/Pods-SwiftRadioUITests/Pods-SwiftRadioUITests.release.xcconfig"; sourceTree = "<group>"; };
		8ED4B25BD0BCCFD1009FFC72 /* Pods_SwiftRadio_SwiftRadioTV.framework */ = {isa = PBXFileReference; explicitFileType = wrapper.framework; includeInIndex = 0; path = Pods_SwiftRadio_SwiftRadioTV.framework; sourceTree = BUILT_PRODUCTS_DIR; };
		9409E1161ABF6FEA00312E2B /* SwiftRadio.app */ = {isa = PBXFileReference; explicitFileType = wrapper.application; includeInIndex = 0; path = SwiftRadio.app; sourceTree = BUILT_PRODUCTS_DIR; };
		9409E11A1ABF6FEA00312E2B /* Info.plist */ = {isa = PBXFileReference; lastKnownFileType = text.plist.xml; path = Info.plist; sourceTree = "<group>"; };
		9409E11B1ABF6FEA00312E2B /* AppDelegate.swift */ = {isa = PBXFileReference; lastKnownFileType = sourcecode.swift; path = AppDelegate.swift; sourceTree = "<group>"; };
		9409E1251ABF6FEA00312E2B /* Images.xcassets */ = {isa = PBXFileReference; lastKnownFileType = folder.assetcatalog; path = Images.xcassets; sourceTree = "<group>"; };
		9409E13F1ABF78B000312E2B /* NowPlayingViewController.swift */ = {isa = PBXFileReference; fileEncoding = 4; lastKnownFileType = sourcecode.swift; path = NowPlayingViewController.swift; sourceTree = "<group>"; };
		942A3F361AE43DF80011396E /* StationsViewController.swift */ = {isa = PBXFileReference; fileEncoding = 4; lastKnownFileType = sourcecode.swift; path = StationsViewController.swift; sourceTree = "<group>"; };
		94452E4E1AD6F24700BFE7A5 /* PopUpMenuViewController.swift */ = {isa = PBXFileReference; fileEncoding = 4; lastKnownFileType = sourcecode.swift; path = PopUpMenuViewController.swift; sourceTree = "<group>"; };
		94452E541AD7086800BFE7A5 /* AboutViewController.swift */ = {isa = PBXFileReference; fileEncoding = 4; lastKnownFileType = sourcecode.swift; path = AboutViewController.swift; sourceTree = "<group>"; };
		945DB3C11AD58E3A00495EBB /* stations.json */ = {isa = PBXFileReference; fileEncoding = 4; lastKnownFileType = text.json; path = stations.json; sourceTree = "<group>"; };
		945DB3C41AD5A6E200495EBB /* NothingFoundCell.xib */ = {isa = PBXFileReference; fileEncoding = 4; lastKnownFileType = file.xib; path = NothingFoundCell.xib; sourceTree = "<group>"; };
		949BBB3F1ACC9DEE005B7C26 /* DataManager.swift */ = {isa = PBXFileReference; fileEncoding = 4; lastKnownFileType = sourcecode.swift; path = DataManager.swift; sourceTree = "<group>"; };
		949E5EAF1ACB340200AB6280 /* UIImageView+Download.swift */ = {isa = PBXFileReference; fileEncoding = 4; lastKnownFileType = sourcecode.swift; path = "UIImageView+Download.swift"; sourceTree = "<group>"; };
		94AC70AD1AD05C6200652982 /* RadioStation.swift */ = {isa = PBXFileReference; fileEncoding = 4; lastKnownFileType = sourcecode.swift; path = RadioStation.swift; sourceTree = "<group>"; };
		94D1D0A41AD6D6230022CA11 /* InfoDetailViewController.swift */ = {isa = PBXFileReference; fileEncoding = 4; lastKnownFileType = sourcecode.swift; path = InfoDetailViewController.swift; sourceTree = "<group>"; };
		94D260901B45D20000DE671C /* SwiftRadio-Settings.swift */ = {isa = PBXFileReference; fileEncoding = 4; lastKnownFileType = sourcecode.swift; path = "SwiftRadio-Settings.swift"; sourceTree = "<group>"; };
		94D260951B45E3FA00DE671C /* AnimationFrames.swift */ = {isa = PBXFileReference; fileEncoding = 4; lastKnownFileType = sourcecode.swift; path = AnimationFrames.swift; sourceTree = "<group>"; };
		94D260971B45E8B800DE671C /* Track.swift */ = {isa = PBXFileReference; fileEncoding = 4; lastKnownFileType = sourcecode.swift; path = Track.swift; sourceTree = "<group>"; };
		94D30EA61AD07A880024FE96 /* StationTableViewCell.swift */ = {isa = PBXFileReference; fileEncoding = 4; lastKnownFileType = sourcecode.swift; path = StationTableViewCell.swift; sourceTree = "<group>"; };
		94E9761B1B1A8F3200F52B1E /* UIImage+DropShadow.swift */ = {isa = PBXFileReference; fileEncoding = 4; lastKnownFileType = sourcecode.swift; path = "UIImage+DropShadow.swift"; sourceTree = "<group>"; };
		CAA8FDB42000614600050F77 /* RadioPlayer.swift */ = {isa = PBXFileReference; lastKnownFileType = sourcecode.swift; path = RadioPlayer.swift; sourceTree = "<group>"; };
		CE108E6E22060BCE003CDF06 /* SwiftRadio.entitlements */ = {isa = PBXFileReference; lastKnownFileType = text.plist.entitlements; path = SwiftRadio.entitlements; sourceTree = "<group>"; };
		CE108E7222060C3F003CDF06 /* AppDelegate+CarPlay.swift */ = {isa = PBXFileReference; lastKnownFileType = sourcecode.swift; path = "AppDelegate+CarPlay.swift"; sourceTree = "<group>"; };
		CE108E7522060E4B003CDF06 /* CarPlayPlaylist.swift */ = {isa = PBXFileReference; lastKnownFileType = sourcecode.swift; path = CarPlayPlaylist.swift; sourceTree = "<group>"; };
		CE108E7922064B24003CDF06 /* StationsViewController+CarPlay.swift */ = {isa = PBXFileReference; lastKnownFileType = sourcecode.swift; path = "StationsViewController+CarPlay.swift"; sourceTree = "<group>"; };
		CF72ACE621F714D000461EED /* Main.storyboard */ = {isa = PBXFileReference; lastKnownFileType = file.storyboard; path = Main.storyboard; sourceTree = "<group>"; };
		DBA47F48757E1DCC49A1B91B /* Pods_SwiftRadio.framework */ = {isa = PBXFileReference; explicitFileType = wrapper.framework; includeInIndex = 0; path = Pods_SwiftRadio.framework; sourceTree = BUILT_PRODUCTS_DIR; };
		E2D2A553B840E4F6F6DBCD95 /* Pods-SwiftRadioTV.debug.xcconfig */ = {isa = PBXFileReference; includeInIndex = 1; lastKnownFileType = text.xcconfig; name = "Pods-SwiftRadioTV.debug.xcconfig"; path = "Target Support Files/Pods-SwiftRadioTV/Pods-SwiftRadioTV.debug.xcconfig"; sourceTree = "<group>"; };
/* End PBXFileReference section */

/* Begin PBXFrameworksBuildPhase section */
		2C5545B71C1124DE00728469 /* Frameworks */ = {
			isa = PBXFrameworksBuildPhase;
			buildActionMask = 2147483647;
			files = (
				4DA6A049F1CF99E5087081E5 /* Pods_SwiftRadioUITests.framework in Frameworks */,
			);
			runOnlyForDeploymentPostprocessing = 0;
		};
		7356BF4223024AD90042E541 /* Frameworks */ = {
			isa = PBXFrameworksBuildPhase;
			buildActionMask = 2147483647;
			files = (
				9C5DD92C019D19BABD5C4407 /* Pods_SwiftRadioTV.framework in Frameworks */,
			);
			runOnlyForDeploymentPostprocessing = 0;
		};
		9409E1131ABF6FEA00312E2B /* Frameworks */ = {
			isa = PBXFrameworksBuildPhase;
			buildActionMask = 2147483647;
			files = (
				F217E75E02009F0EFC1903E9 /* Pods_SwiftRadio.framework in Frameworks */,
			);
			runOnlyForDeploymentPostprocessing = 0;
		};
/* End PBXFrameworksBuildPhase section */

/* Begin PBXGroup section */
		2C5545BB1C1124DE00728469 /* SwiftRadioUITests */ = {
			isa = PBXGroup;
			children = (
				2C5545BC1C1124DE00728469 /* SwiftRadioUITests.swift */,
				2C5545BE1C1124DE00728469 /* Info.plist */,
			);
			path = SwiftRadioUITests;
			sourceTree = "<group>";
		};
		36BCD32874548451F1B66642 /* Pods */ = {
			isa = PBXGroup;
			children = (
				32881C9443DC40929DC0A656 /* Pods-SwiftRadio.debug.xcconfig */,
				7F712F254C15653ACE12F367 /* Pods-SwiftRadio.release.xcconfig */,
				61687AAA7BD4252EAB68D047 /* Pods-SwiftRadioUITests.debug.xcconfig */,
				8E3F4E303BBEED8B43033194 /* Pods-SwiftRadioUITests.release.xcconfig */,
				E2D2A553B840E4F6F6DBCD95 /* Pods-SwiftRadioTV.debug.xcconfig */,
				0FFDF6AA7515366B74955C7E /* Pods-SwiftRadioTV.release.xcconfig */,
			);
			path = Pods;
			sourceTree = "<group>";
		};
		5F22B9DE1F72A8D800CB5911 /* Libraries */ = {
			isa = PBXGroup;
			children = (
				CAA7C15A1FD77F3A003CABDF /* FRadioPlayer */,
				5F22BA1D1F72ACF100CB5911 /* Spring */,
			);
			path = Libraries;
			sourceTree = "<group>";
		};
		5F22BA1D1F72ACF100CB5911 /* Spring */ = {
			isa = PBXGroup;
			children = (
				5F22BA2A1F72AD4500CB5911 /* AsyncButton.swift */,
				5F22BA2D1F72AD4A00CB5911 /* AsyncImageView.swift */,
				5F22BA3A1F72AD5800CB5911 /* AutoTextView.swift */,
				5F22BA1F1F72AD3900CB5911 /* BlurView.swift */,
				5F22BA2C1F72AD4900CB5911 /* DesignableButton.swift */,
				5F22BA311F72AD4E00CB5911 /* DesignableImageView.swift */,
				5F22BA291F72AD4400CB5911 /* DesignableLabel.swift */,
				5F22BA201F72AD3B00CB5911 /* DesignableTabBarController.swift */,
				5F22BA2B1F72AD4600CB5911 /* DesignableTextField.swift */,
				5F22BA2E1F72AD4B00CB5911 /* DesignableTextView.swift */,
				5F22BA3B1F72AD5900CB5911 /* DesignableView.swift */,
				5F22BA301F72AD4E00CB5911 /* ImageLoader.swift */,
				5F22BA361F72AD5500CB5911 /* Info.plist */,
				5F22BA2F1F72AD4C00CB5911 /* KeyboardLayoutConstraint.swift */,
				5F22BA211F72AD3C00CB5911 /* LoadingView.swift */,
				5F22BA241F72AD3E00CB5911 /* LoadingView.xib */,
				5F22BA321F72AD5000CB5911 /* Misc.swift */,
				5F22BA261F72AD4000CB5911 /* SoundPlayer.swift */,
				5F22BA221F72AD3C00CB5911 /* Spring.h */,
				5F22BA341F72AD5300CB5911 /* Spring.swift */,
				5F22BA381F72AD5700CB5911 /* SpringAnimation.swift */,
				5F22BA281F72AD4300CB5911 /* SpringButton.swift */,
				5F22BA231F72AD3E00CB5911 /* SpringImageView.swift */,
				5F22BA1E1F72AD3700CB5911 /* SpringLabel.swift */,
				5F22BA251F72AD3F00CB5911 /* SpringTextField.swift */,
				5F22BA271F72AD4200CB5911 /* SpringTextView.swift */,
				5F22BA391F72AD5700CB5911 /* SpringView.swift */,
				5F22BA331F72AD5200CB5911 /* TransitionManager.swift */,
				5F22BA351F72AD5400CB5911 /* TransitionZoom.swift */,
				5F22BA371F72AD5600CB5911 /* UnwindSegue.swift */,
			);
			path = Spring;
			sourceTree = "<group>";
		};
		73014865230B653300D5C046 /* Service */ = {
			isa = PBXGroup;
			children = (
				73014866230B656A00D5C046 /* ColorService.swift */,
			);
			path = Service;
			sourceTree = "<group>";
		};
		7356BF4623024AD90042E541 /* SwiftRadioTV */ = {
			isa = PBXGroup;
			children = (
				73014865230B653300D5C046 /* Service */,
				7366C6EB23063B8E00833A1D /* ViewControllers */,
				7366C6E0230630F600833A1D /* Model */,
				7366C6DD2306300600833A1D /* Cells */,
				7356BF4723024AD90042E541 /* AppDelegate.swift */,
				7356BF4B23024AD90042E541 /* Main.storyboard */,
				7356BF4E23024ADB0042E541 /* Assets.xcassets */,
				7356BF5023024ADB0042E541 /* Info.plist */,
			);
			path = SwiftRadioTV;
			sourceTree = "<group>";
		};
		7366C6DD2306300600833A1D /* Cells */ = {
			isa = PBXGroup;
			children = (
				73DEB0B9230C06B4000614D4 /* SongRequestsTVTableViewCell.swift */,
				7366C6DE2306304400833A1D /* StationCollectionViewCell.swift */,
			);
			path = Cells;
			sourceTree = "<group>";
		};
		7366C6E0230630F600833A1D /* Model */ = {
			isa = PBXGroup;
			children = (
				73338A7B23118A5700952DC9 /* AtvImageButton.swift */,
			);
			path = Model;
			sourceTree = "<group>";
		};
		7366C6EB23063B8E00833A1D /* ViewControllers */ = {
			isa = PBXGroup;
			children = (
				73014868230B65D200D5C046 /* SongRequestsTVViewController.swift */,
				7356BF4923024AD90042E541 /* NowPlayingTVViewController.swift */,
				7366C6E923063AB800833A1D /* StationsCollectionViewController.swift */,
			);
			path = ViewControllers;
			sourceTree = "<group>";
		};
		9409E10D1ABF6FE900312E2B = {
			isa = PBXGroup;
			children = (
				9409E1181ABF6FEA00312E2B /* SwiftRadio */,
				2C5545BB1C1124DE00728469 /* SwiftRadioUITests */,
				7356BF4623024AD90042E541 /* SwiftRadioTV */,
				9409E1171ABF6FEA00312E2B /* Products */,
				CE108E6F22060BCE003CDF06 /* Frameworks */,
				36BCD32874548451F1B66642 /* Pods */,
			);
			sourceTree = "<group>";
		};
		9409E1171ABF6FEA00312E2B /* Products */ = {
			isa = PBXGroup;
			children = (
				9409E1161ABF6FEA00312E2B /* SwiftRadio.app */,
				2C5545BA1C1124DE00728469 /* SwiftRadioUITests.xctest */,
				7356BF4523024AD90042E541 /* SwiftRadioTV.app */,
			);
			name = Products;
			sourceTree = "<group>";
		};
		9409E1181ABF6FEA00312E2B /* SwiftRadio */ = {
			isa = PBXGroup;
			children = (
				CE108E6E22060BCE003CDF06 /* SwiftRadio.entitlements */,
				94D2608F1B45D11800DE671C /* Cells */,
				94AC70AF1AD05C7400652982 /* Networking */,
				94823F861B5576F4004EC711 /* Data */,
				94E976191B1A8BFB00F52B1E /* Model */,
				94D2608E1B45D0F800DE671C /* ViewControllers */,
				CE108E7422060DCB003CDF06 /* CarPlay */,
				9409E11B1ABF6FEA00312E2B /* AppDelegate.swift */,
				CAA8FDB42000614600050F77 /* RadioPlayer.swift */,
				94D260901B45D20000DE671C /* SwiftRadio-Settings.swift */,
				CF72ACE621F714D000461EED /* Main.storyboard */,
				9409E1251ABF6FEA00312E2B /* Images.xcassets */,
				9409E1191ABF6FEA00312E2B /* Supporting Files */,
				94D260941B45E0BA00DE671C /* UI Helpers */,
				5F22B9DE1F72A8D800CB5911 /* Libraries */,
			);
			path = SwiftRadio;
			sourceTree = "<group>";
		};
		9409E1191ABF6FEA00312E2B /* Supporting Files */ = {
			isa = PBXGroup;
			children = (
				9409E11A1ABF6FEA00312E2B /* Info.plist */,
				5FDEE0211F72FF980064333C /* LaunchScreen.storyboard */,
			);
			name = "Supporting Files";
			sourceTree = "<group>";
		};
		94823F861B5576F4004EC711 /* Data */ = {
			isa = PBXGroup;
			children = (
				945DB3C11AD58E3A00495EBB /* stations.json */,
			);
			name = Data;
			sourceTree = "<group>";
		};
		94AC70AF1AD05C7400652982 /* Networking */ = {
			isa = PBXGroup;
			children = (
				949BBB3F1ACC9DEE005B7C26 /* DataManager.swift */,
			);
			name = Networking;
			sourceTree = "<group>";
		};
		94D2608E1B45D0F800DE671C /* ViewControllers */ = {
			isa = PBXGroup;
			children = (
				94452E541AD7086800BFE7A5 /* AboutViewController.swift */,
				94D1D0A41AD6D6230022CA11 /* InfoDetailViewController.swift */,
				94452E4E1AD6F24700BFE7A5 /* PopUpMenuViewController.swift */,
				9409E13F1ABF78B000312E2B /* NowPlayingViewController.swift */,
				942A3F361AE43DF80011396E /* StationsViewController.swift */,
			);
			name = ViewControllers;
			sourceTree = "<group>";
		};
		94D2608F1B45D11800DE671C /* Cells */ = {
			isa = PBXGroup;
			children = (
				945DB3C41AD5A6E200495EBB /* NothingFoundCell.xib */,
				94D30EA61AD07A880024FE96 /* StationTableViewCell.swift */,
				7327282622747C7400232A70 /* SongRequestsTableViewCell.swift */,
			);
			name = Cells;
			sourceTree = "<group>";
		};
		94D260941B45E0BA00DE671C /* UI Helpers */ = {
			isa = PBXGroup;
			children = (
				94D260951B45E3FA00DE671C /* AnimationFrames.swift */,
				949E5EAF1ACB340200AB6280 /* UIImageView+Download.swift */,
				94E9761B1B1A8F3200F52B1E /* UIImage+DropShadow.swift */,
			);
			name = "UI Helpers";
			sourceTree = "<group>";
		};
		94E976191B1A8BFB00F52B1E /* Model */ = {
			isa = PBXGroup;
			children = (
				94AC70AD1AD05C6200652982 /* RadioStation.swift */,
				94D260971B45E8B800DE671C /* Track.swift */,
				7327282422747A2B00232A70 /* SongRequests.swift */,
				73338A782311815500952DC9 /* SongRequestResult.swift */,
			);
			name = Model;
			sourceTree = "<group>";
		};
		CAA7C15A1FD77F3A003CABDF /* FRadioPlayer */ = {
			isa = PBXGroup;
			children = (
				81AD229921646DEA002ADFDD /* FRadioAPI.swift */,
				81AD229821646DEA002ADFDD /* FRadioPlayer.swift */,
				81AD229A21646DEA002ADFDD /* Reachability.swift */,
			);
			path = FRadioPlayer;
			sourceTree = "<group>";
		};
		CE108E6F22060BCE003CDF06 /* Frameworks */ = {
			isa = PBXGroup;
			children = (
				DBA47F48757E1DCC49A1B91B /* Pods_SwiftRadio.framework */,
				4DB2F4900DC5762BC6B9E824 /* Pods_SwiftRadioUITests.framework */,
				8ED4B25BD0BCCFD1009FFC72 /* Pods_SwiftRadio_SwiftRadioTV.framework */,
				43152EB3E771CCDC3B090AD4 /* Pods_SwiftRadioTV.framework */,
			);
			name = Frameworks;
			sourceTree = "<group>";
		};
		CE108E7422060DCB003CDF06 /* CarPlay */ = {
			isa = PBXGroup;
			children = (
				CE108E7222060C3F003CDF06 /* AppDelegate+CarPlay.swift */,
				CE108E7522060E4B003CDF06 /* CarPlayPlaylist.swift */,
				CE108E7922064B24003CDF06 /* StationsViewController+CarPlay.swift */,
			);
			name = CarPlay;
			sourceTree = "<group>";
		};
/* End PBXGroup section */

/* Begin PBXNativeTarget section */
		2C5545B91C1124DE00728469 /* SwiftRadioUITests */ = {
			isa = PBXNativeTarget;
			buildConfigurationList = 2C5545C31C1124DE00728469 /* Build configuration list for PBXNativeTarget "SwiftRadioUITests" */;
			buildPhases = (
				1A5B6A38658A0A41EE1474FC /* [CP] Check Pods Manifest.lock */,
				2C5545B61C1124DE00728469 /* Sources */,
				2C5545B71C1124DE00728469 /* Frameworks */,
				2C5545B81C1124DE00728469 /* Resources */,
			);
			buildRules = (
			);
			dependencies = (
				2C5545C01C1124DE00728469 /* PBXTargetDependency */,
			);
			name = SwiftRadioUITests;
			productName = SwiftRadioUITests;
			productReference = 2C5545BA1C1124DE00728469 /* SwiftRadioUITests.xctest */;
			productType = "com.apple.product-type.bundle.ui-testing";
		};
		7356BF4423024AD90042E541 /* SwiftRadioTV */ = {
			isa = PBXNativeTarget;
			buildConfigurationList = 7356BF5323024ADB0042E541 /* Build configuration list for PBXNativeTarget "SwiftRadioTV" */;
			buildPhases = (
				5F825060500E33DB6CB8544D /* [CP] Check Pods Manifest.lock */,
				7356BF4123024AD90042E541 /* Sources */,
				7356BF4223024AD90042E541 /* Frameworks */,
				7356BF4323024AD90042E541 /* Resources */,
				89F12BC828031CE2D347D0F4 /* [CP] Embed Pods Frameworks */,
			);
			buildRules = (
			);
			dependencies = (
			);
			name = SwiftRadioTV;
			productName = SwiftRadioTV;
			productReference = 7356BF4523024AD90042E541 /* SwiftRadioTV.app */;
			productType = "com.apple.product-type.application";
		};
		9409E1151ABF6FEA00312E2B /* SwiftRadio */ = {
			isa = PBXNativeTarget;
			buildConfigurationList = 9409E1381ABF6FEA00312E2B /* Build configuration list for PBXNativeTarget "SwiftRadio" */;
			buildPhases = (
				E8DB694902EA0A259341DECF /* [CP] Check Pods Manifest.lock */,
				9409E1121ABF6FEA00312E2B /* Sources */,
				9409E1131ABF6FEA00312E2B /* Frameworks */,
				9409E1141ABF6FEA00312E2B /* Resources */,
				92BA9647ACFC89B020D2BA88 /* [CP] Embed Pods Frameworks */,
			);
			buildRules = (
			);
			dependencies = (
			);
			name = SwiftRadio;
			productName = RadioPro;
			productReference = 9409E1161ABF6FEA00312E2B /* SwiftRadio.app */;
			productType = "com.apple.product-type.application";
		};
/* End PBXNativeTarget section */

/* Begin PBXProject section */
		9409E10E1ABF6FE900312E2B /* Project object */ = {
			isa = PBXProject;
			attributes = {
				LastSwiftMigration = 0700;
				LastSwiftUpdateCheck = 1030;
				LastUpgradeCheck = 1020;
				ORGANIZATIONNAME = matthewfecher.com;
				TargetAttributes = {
					2C5545B91C1124DE00728469 = {
						CreatedOnToolsVersion = 7.1;
						LastSwiftMigration = 1020;
						TestTargetID = 9409E1151ABF6FEA00312E2B;
					};
					7356BF4423024AD90042E541 = {
						CreatedOnToolsVersion = 10.3;
						DevelopmentTeam = B529J562AT;
						ProvisioningStyle = Automatic;
					};
					9409E1151ABF6FEA00312E2B = {
						CreatedOnToolsVersion = 6.2;
						DevelopmentTeam = B529J562AT;
						LastSwiftMigration = 1030;
						ProvisioningStyle = Manual;
						SystemCapabilities = {
							com.apple.BackgroundModes = {
								enabled = 1;
							};
							com.apple.Push = {
								enabled = 1;
							};
						};
					};
				};
			};
			buildConfigurationList = 9409E1111ABF6FE900312E2B /* Build configuration list for PBXProject "SwiftRadio" */;
			compatibilityVersion = "Xcode 3.2";
			developmentRegion = en;
			hasScannedForEncodings = 0;
			knownRegions = (
				en,
				Base,
			);
			mainGroup = 9409E10D1ABF6FE900312E2B;
			productRefGroup = 9409E1171ABF6FEA00312E2B /* Products */;
			projectDirPath = "";
			projectRoot = "";
			targets = (
				9409E1151ABF6FEA00312E2B /* SwiftRadio */,
				2C5545B91C1124DE00728469 /* SwiftRadioUITests */,
				7356BF4423024AD90042E541 /* SwiftRadioTV */,
			);
		};
/* End PBXProject section */

/* Begin PBXResourcesBuildPhase section */
		2C5545B81C1124DE00728469 /* Resources */ = {
			isa = PBXResourcesBuildPhase;
			buildActionMask = 2147483647;
			files = (
			);
			runOnlyForDeploymentPostprocessing = 0;
		};
		7356BF4323024AD90042E541 /* Resources */ = {
			isa = PBXResourcesBuildPhase;
			buildActionMask = 2147483647;
			files = (
				7337990123086C1400450180 /* Images.xcassets in Resources */,
				7356BF4F23024ADB0042E541 /* Assets.xcassets in Resources */,
				7356BF4D23024AD90042E541 /* Main.storyboard in Resources */,
			);
			runOnlyForDeploymentPostprocessing = 0;
		};
		9409E1141ABF6FEA00312E2B /* Resources */ = {
			isa = PBXResourcesBuildPhase;
			buildActionMask = 2147483647;
			files = (
				945DB3C21AD58E3A00495EBB /* stations.json in Resources */,
				945DB3C51AD5A6E200495EBB /* NothingFoundCell.xib in Resources */,
				CF72ACE721F7155200461EED /* Main.storyboard in Resources */,
				5FDEE0221F72FF980064333C /* LaunchScreen.storyboard in Resources */,
				9409E1261ABF6FEA00312E2B /* Images.xcassets in Resources */,
			);
			runOnlyForDeploymentPostprocessing = 0;
		};
/* End PBXResourcesBuildPhase section */

/* Begin PBXShellScriptBuildPhase section */
		1A5B6A38658A0A41EE1474FC /* [CP] Check Pods Manifest.lock */ = {
			isa = PBXShellScriptBuildPhase;
			buildActionMask = 2147483647;
			files = (
			);
			inputFileListPaths = (
			);
			inputPaths = (
				"${PODS_PODFILE_DIR_PATH}/Podfile.lock",
				"${PODS_ROOT}/Manifest.lock",
			);
			name = "[CP] Check Pods Manifest.lock";
			outputFileListPaths = (
			);
			outputPaths = (
				"$(DERIVED_FILE_DIR)/Pods-SwiftRadioUITests-checkManifestLockResult.txt",
			);
			runOnlyForDeploymentPostprocessing = 0;
			shellPath = /bin/sh;
			shellScript = "diff \"${PODS_PODFILE_DIR_PATH}/Podfile.lock\" \"${PODS_ROOT}/Manifest.lock\" > /dev/null\nif [ $? != 0 ] ; then\n    # print error to STDERR\n    echo \"error: The sandbox is not in sync with the Podfile.lock. Run 'pod install' or update your CocoaPods installation.\" >&2\n    exit 1\nfi\n# This output is used by Xcode 'outputs' to avoid re-running this script phase.\necho \"SUCCESS\" > \"${SCRIPT_OUTPUT_FILE_0}\"\n";
			showEnvVarsInLog = 0;
		};
		5F825060500E33DB6CB8544D /* [CP] Check Pods Manifest.lock */ = {
			isa = PBXShellScriptBuildPhase;
			buildActionMask = 2147483647;
			files = (
			);
			inputFileListPaths = (
			);
			inputPaths = (
				"${PODS_PODFILE_DIR_PATH}/Podfile.lock",
				"${PODS_ROOT}/Manifest.lock",
			);
			name = "[CP] Check Pods Manifest.lock";
			outputFileListPaths = (
			);
			outputPaths = (
				"$(DERIVED_FILE_DIR)/Pods-SwiftRadioTV-checkManifestLockResult.txt",
			);
			runOnlyForDeploymentPostprocessing = 0;
			shellPath = /bin/sh;
			shellScript = "diff \"${PODS_PODFILE_DIR_PATH}/Podfile.lock\" \"${PODS_ROOT}/Manifest.lock\" > /dev/null\nif [ $? != 0 ] ; then\n    # print error to STDERR\n    echo \"error: The sandbox is not in sync with the Podfile.lock. Run 'pod install' or update your CocoaPods installation.\" >&2\n    exit 1\nfi\n# This output is used by Xcode 'outputs' to avoid re-running this script phase.\necho \"SUCCESS\" > \"${SCRIPT_OUTPUT_FILE_0}\"\n";
			showEnvVarsInLog = 0;
		};
		89F12BC828031CE2D347D0F4 /* [CP] Embed Pods Frameworks */ = {
			isa = PBXShellScriptBuildPhase;
			buildActionMask = 2147483647;
			files = (
			);
			inputFileListPaths = (
			);
			inputPaths = (
				"${PODS_ROOT}/Target Support Files/Pods-SwiftRadioTV/Pods-SwiftRadioTV-frameworks.sh",
				"${BUILT_PRODUCTS_DIR}/SDWebImage-tvOS/SDWebImage.framework",
			);
			name = "[CP] Embed Pods Frameworks";
			outputFileListPaths = (
			);
			outputPaths = (
				"${TARGET_BUILD_DIR}/${FRAMEWORKS_FOLDER_PATH}/SDWebImage.framework",
			);
			runOnlyForDeploymentPostprocessing = 0;
			shellPath = /bin/sh;
			shellScript = "\"${PODS_ROOT}/Target Support Files/Pods-SwiftRadioTV/Pods-SwiftRadioTV-frameworks.sh\"\n";
			showEnvVarsInLog = 0;
		};
		92BA9647ACFC89B020D2BA88 /* [CP] Embed Pods Frameworks */ = {
			isa = PBXShellScriptBuildPhase;
			buildActionMask = 2147483647;
			files = (
			);
			inputFileListPaths = (
			);
			inputPaths = (
				"${PODS_ROOT}/Target Support Files/Pods-SwiftRadio/Pods-SwiftRadio-frameworks.sh",
				"${BUILT_PRODUCTS_DIR}/SDWebImage-iOS/SDWebImage.framework",
			);
			name = "[CP] Embed Pods Frameworks";
			outputFileListPaths = (
			);
			outputPaths = (
				"${TARGET_BUILD_DIR}/${FRAMEWORKS_FOLDER_PATH}/SDWebImage.framework",
			);
			runOnlyForDeploymentPostprocessing = 0;
			shellPath = /bin/sh;
			shellScript = "\"${PODS_ROOT}/Target Support Files/Pods-SwiftRadio/Pods-SwiftRadio-frameworks.sh\"\n";
			showEnvVarsInLog = 0;
		};
		E8DB694902EA0A259341DECF /* [CP] Check Pods Manifest.lock */ = {
			isa = PBXShellScriptBuildPhase;
			buildActionMask = 2147483647;
			files = (
			);
			inputFileListPaths = (
			);
			inputPaths = (
				"${PODS_PODFILE_DIR_PATH}/Podfile.lock",
				"${PODS_ROOT}/Manifest.lock",
			);
			name = "[CP] Check Pods Manifest.lock";
			outputFileListPaths = (
			);
			outputPaths = (
				"$(DERIVED_FILE_DIR)/Pods-SwiftRadio-checkManifestLockResult.txt",
			);
			runOnlyForDeploymentPostprocessing = 0;
			shellPath = /bin/sh;
			shellScript = "diff \"${PODS_PODFILE_DIR_PATH}/Podfile.lock\" \"${PODS_ROOT}/Manifest.lock\" > /dev/null\nif [ $? != 0 ] ; then\n    # print error to STDERR\n    echo \"error: The sandbox is not in sync with the Podfile.lock. Run 'pod install' or update your CocoaPods installation.\" >&2\n    exit 1\nfi\n# This output is used by Xcode 'outputs' to avoid re-running this script phase.\necho \"SUCCESS\" > \"${SCRIPT_OUTPUT_FILE_0}\"\n";
			showEnvVarsInLog = 0;
		};
/* End PBXShellScriptBuildPhase section */

/* Begin PBXSourcesBuildPhase section */
		2C5545B61C1124DE00728469 /* Sources */ = {
			isa = PBXSourcesBuildPhase;
			buildActionMask = 2147483647;
			files = (
				2C5545BD1C1124DE00728469 /* SwiftRadioUITests.swift in Sources */,
			);
			runOnlyForDeploymentPostprocessing = 0;
		};
		7356BF4123024AD90042E541 /* Sources */ = {
			isa = PBXSourcesBuildPhase;
			buildActionMask = 2147483647;
			files = (
				733798FE23080BE700450180 /* RadioPlayer.swift in Sources */,
				7366C6F323063C1F00833A1D /* DesignableButton.swift in Sources */,
				7366C70223063C5A00833A1D /* SpringImageView.swift in Sources */,
				7356BF4A23024AD90042E541 /* NowPlayingTVViewController.swift in Sources */,
				7366C70823063C6F00833A1D /* TransitionZoom.swift in Sources */,
				7366C6EC23063BFD00833A1D /* FRadioAPI.swift in Sources */,
				7366C6FF23063C4F00833A1D /* Spring.swift in Sources */,
				7366C6FD23063C4600833A1D /* Misc.swift in Sources */,
				7366C6EE23063C0400833A1D /* Reachability.swift in Sources */,
				7366C70123063C5700833A1D /* SpringButton.swift in Sources */,
				7366C6E7230637BD00833A1D /* SongRequests.swift in Sources */,
				7366C6E4230637AF00833A1D /* DataManager.swift in Sources */,
				733798FF2308140D00450180 /* UIImageView+Download.swift in Sources */,
				7366C6F623063C2800833A1D /* DesignableTabBarController.swift in Sources */,
				73DEB0BA230C06B4000614D4 /* SongRequestsTVTableViewCell.swift in Sources */,
				7366C6ED23063C0000833A1D /* FRadioPlayer.swift in Sources */,
				7366C70523063C6500833A1D /* SpringTextView.swift in Sources */,
				7366C70423063C6200833A1D /* SpringTextField.swift in Sources */,
				7356BF4823024AD90042E541 /* AppDelegate.swift in Sources */,
				7366C6E5230637B500833A1D /* RadioStation.swift in Sources */,
				7366C6F723063C2B00833A1D /* DesignableTextField.swift in Sources */,
				73014864230ABB3200D5C046 /* UIImage+DropShadow.swift in Sources */,
				7366C6FC23063C3B00833A1D /* LoadingView.swift in Sources */,
				7366C6DF2306304400833A1D /* StationCollectionViewCell.swift in Sources */,
				7366C6F223063C1B00833A1D /* BlurView.swift in Sources */,
				7366C70923063C7200833A1D /* UnwindSegue.swift in Sources */,
				7366C6F523063C2500833A1D /* DesignableLabel.swift in Sources */,
				73379900230820D100450180 /* AnimationFrames.swift in Sources */,
				7366C6FA23063C3400833A1D /* ImageLoader.swift in Sources */,
				7366C6F923063C3100833A1D /* DesignableView.swift in Sources */,
				7366C6F123063C1800833A1D /* AutoTextView.swift in Sources */,
				7366C6F823063C2F00833A1D /* DesignableTextView.swift in Sources */,
				7366C6EA23063AB800833A1D /* StationsCollectionViewController.swift in Sources */,
				7366C6FE23063C4A00833A1D /* SoundPlayer.swift in Sources */,
				7366C6E82306380500833A1D /* SwiftRadio-Settings.swift in Sources */,
				7366C70623063C6800833A1D /* SpringView.swift in Sources */,
				7366C70323063C5F00833A1D /* SpringLabel.swift in Sources */,
				73338A7A2311828100952DC9 /* SongRequestResult.swift in Sources */,
				7366C6E6230637BA00833A1D /* Track.swift in Sources */,
				73014863230ABAC500D5C046 /* SongRequestsTableViewCell.swift in Sources */,
				73014869230B65D300D5C046 /* SongRequestsTVViewController.swift in Sources */,
				73338A7C23118A5700952DC9 /* AtvImageButton.swift in Sources */,
				7366C6EF23063C0900833A1D /* AsyncButton.swift in Sources */,
				7366C70023063C5300833A1D /* SpringAnimation.swift in Sources */,
				7366C6F423063C2200833A1D /* DesignableImageView.swift in Sources */,
				73014867230B656A00D5C046 /* ColorService.swift in Sources */,
				7366C6F023063C1500833A1D /* AsyncImageView.swift in Sources */,
				7366C70723063C6C00833A1D /* TransitionManager.swift in Sources */,
			);
			runOnlyForDeploymentPostprocessing = 0;
		};
		9409E1121ABF6FEA00312E2B /* Sources */ = {
			isa = PBXSourcesBuildPhase;
			buildActionMask = 2147483647;
			files = (
				5F22BA3E1F72AD5A00CB5911 /* DesignableTabBarController.swift in Sources */,
				949E5EB01ACB340200AB6280 /* UIImageView+Download.swift in Sources */,
				5F22BA401F72AD5A00CB5911 /* SpringImageView.swift in Sources */,
				5F22BA511F72AD5A00CB5911 /* TransitionZoom.swift in Sources */,
				5F22BA471F72AD5A00CB5911 /* DesignableTextField.swift in Sources */,
				5F22BA4C1F72AD5A00CB5911 /* ImageLoader.swift in Sources */,
				5F22BA451F72AD5A00CB5911 /* DesignableLabel.swift in Sources */,
				94D260911B45D20000DE671C /* SwiftRadio-Settings.swift in Sources */,
				94D30EA71AD07A880024FE96 /* StationTableViewCell.swift in Sources */,
				5F22BA3C1F72AD5A00CB5911 /* SpringLabel.swift in Sources */,
				5F22BA3D1F72AD5A00CB5911 /* BlurView.swift in Sources */,
				5F22BA411F72AD5A00CB5911 /* SpringTextField.swift in Sources */,
				9409E1401ABF78B000312E2B /* NowPlayingViewController.swift in Sources */,
				CE108E7322060C3F003CDF06 /* AppDelegate+CarPlay.swift in Sources */,
				94D1D0A51AD6D6230022CA11 /* InfoDetailViewController.swift in Sources */,
				5F22BA4B1F72AD5A00CB5911 /* KeyboardLayoutConstraint.swift in Sources */,
				5F22BA421F72AD5A00CB5911 /* SoundPlayer.swift in Sources */,
				5F22BA4A1F72AD5A00CB5911 /* DesignableTextView.swift in Sources */,
				949BBB401ACC9DEE005B7C26 /* DataManager.swift in Sources */,
				5F22BA4E1F72AD5A00CB5911 /* Misc.swift in Sources */,
				5F22BA441F72AD5A00CB5911 /* SpringButton.swift in Sources */,
				5F22BA561F72AD5A00CB5911 /* DesignableView.swift in Sources */,
				5F22BA521F72AD5A00CB5911 /* UnwindSegue.swift in Sources */,
				94E9761C1B1A8F3200F52B1E /* UIImage+DropShadow.swift in Sources */,
				81AD229D21646DEA002ADFDD /* Reachability.swift in Sources */,
				94452E551AD7086800BFE7A5 /* AboutViewController.swift in Sources */,
				CE108E7A22064B24003CDF06 /* StationsViewController+CarPlay.swift in Sources */,
				5F22BA551F72AD5A00CB5911 /* AutoTextView.swift in Sources */,
				94D260981B45E8B800DE671C /* Track.swift in Sources */,
				5F22BA3F1F72AD5A00CB5911 /* LoadingView.swift in Sources */,
				CAA8FDB52000614600050F77 /* RadioPlayer.swift in Sources */,
				5F22BA4F1F72AD5A00CB5911 /* TransitionManager.swift in Sources */,
				5F22BA531F72AD5A00CB5911 /* SpringAnimation.swift in Sources */,
				94452E4F1AD6F24700BFE7A5 /* PopUpMenuViewController.swift in Sources */,
				5F22BA431F72AD5A00CB5911 /* SpringTextView.swift in Sources */,
				9409E11C1ABF6FEA00312E2B /* AppDelegate.swift in Sources */,
				5F22BA4D1F72AD5A00CB5911 /* DesignableImageView.swift in Sources */,
				5F22BA491F72AD5A00CB5911 /* AsyncImageView.swift in Sources */,
				7327282722747C7400232A70 /* SongRequestsTableViewCell.swift in Sources */,
				5F22BA541F72AD5A00CB5911 /* SpringView.swift in Sources */,
				CE108E7622060E4B003CDF06 /* CarPlayPlaylist.swift in Sources */,
				94D260961B45E3FA00DE671C /* AnimationFrames.swift in Sources */,
				5F22BA461F72AD5A00CB5911 /* AsyncButton.swift in Sources */,
				942A3F371AE43DF80011396E /* StationsViewController.swift in Sources */,
				7327282522747A2B00232A70 /* SongRequests.swift in Sources */,
				81AD229B21646DEA002ADFDD /* FRadioPlayer.swift in Sources */,
				5F22BA501F72AD5A00CB5911 /* Spring.swift in Sources */,
				81AD229C21646DEA002ADFDD /* FRadioAPI.swift in Sources */,
				73338A792311815500952DC9 /* SongRequestResult.swift in Sources */,
				94AC70AE1AD05C6200652982 /* RadioStation.swift in Sources */,
				5F22BA481F72AD5A00CB5911 /* DesignableButton.swift in Sources */,
			);
			runOnlyForDeploymentPostprocessing = 0;
		};
/* End PBXSourcesBuildPhase section */

/* Begin PBXTargetDependency section */
		2C5545C01C1124DE00728469 /* PBXTargetDependency */ = {
			isa = PBXTargetDependency;
			target = 9409E1151ABF6FEA00312E2B /* SwiftRadio */;
			targetProxy = 2C5545BF1C1124DE00728469 /* PBXContainerItemProxy */;
		};
/* End PBXTargetDependency section */

/* Begin PBXVariantGroup section */
		7356BF4B23024AD90042E541 /* Main.storyboard */ = {
			isa = PBXVariantGroup;
			children = (
				7356BF4C23024AD90042E541 /* Base */,
			);
			name = Main.storyboard;
			sourceTree = "<group>";
		};
/* End PBXVariantGroup section */

/* Begin XCBuildConfiguration section */
		2C5545C11C1124DE00728469 /* Debug */ = {
			isa = XCBuildConfiguration;
			baseConfigurationReference = 61687AAA7BD4252EAB68D047 /* Pods-SwiftRadioUITests.debug.xcconfig */;
			buildSettings = {
				DEBUG_INFORMATION_FORMAT = dwarf;
				GCC_NO_COMMON_BLOCKS = YES;
				INFOPLIST_FILE = SwiftRadioUITests/Info.plist;
				IPHONEOS_DEPLOYMENT_TARGET = 9.1;
				LD_RUNPATH_SEARCH_PATHS = "$(inherited) @executable_path/Frameworks @loader_path/Frameworks";
				PRODUCT_BUNDLE_IDENTIFIER = jonah.SwiftRadioUITests;
				PRODUCT_NAME = "$(TARGET_NAME)";
				SWIFT_VERSION = 5.0;
				TEST_TARGET_NAME = SwiftRadio;
				USES_XCTRUNNER = YES;
			};
			name = Debug;
		};
		2C5545C21C1124DE00728469 /* Release */ = {
			isa = XCBuildConfiguration;
			baseConfigurationReference = 8E3F4E303BBEED8B43033194 /* Pods-SwiftRadioUITests.release.xcconfig */;
			buildSettings = {
				DEBUG_INFORMATION_FORMAT = "dwarf-with-dsym";
				GCC_NO_COMMON_BLOCKS = YES;
				INFOPLIST_FILE = SwiftRadioUITests/Info.plist;
				IPHONEOS_DEPLOYMENT_TARGET = 9.1;
				LD_RUNPATH_SEARCH_PATHS = "$(inherited) @executable_path/Frameworks @loader_path/Frameworks";
				PRODUCT_BUNDLE_IDENTIFIER = jonah.SwiftRadioUITests;
				PRODUCT_NAME = "$(TARGET_NAME)";
				SWIFT_VERSION = 5.0;
				TEST_TARGET_NAME = SwiftRadio;
				USES_XCTRUNNER = YES;
			};
			name = Release;
		};
		7356BF5123024ADB0042E541 /* Debug */ = {
			isa = XCBuildConfiguration;
			baseConfigurationReference = E2D2A553B840E4F6F6DBCD95 /* Pods-SwiftRadioTV.debug.xcconfig */;
			buildSettings = {
				ASSETCATALOG_COMPILER_APPICON_NAME = "App Icon & Top Shelf Image";
				ASSETCATALOG_COMPILER_LAUNCHIMAGE_NAME = LaunchImage;
				CLANG_ANALYZER_NONNULL = YES;
				CLANG_ANALYZER_NUMBER_OBJECT_CONVERSION = YES_AGGRESSIVE;
				CLANG_CXX_LANGUAGE_STANDARD = "gnu++14";
				CLANG_ENABLE_OBJC_WEAK = YES;
				CLANG_WARN_DOCUMENTATION_COMMENTS = YES;
				CLANG_WARN_UNGUARDED_AVAILABILITY = YES_AGGRESSIVE;
				CODE_SIGN_STYLE = Automatic;
				DEBUG_INFORMATION_FORMAT = dwarf;
				DEVELOPMENT_TEAM = B529J562AT;
				GCC_C_LANGUAGE_STANDARD = gnu11;
				INFOPLIST_FILE = SwiftRadioTV/Info.plist;
				LD_RUNPATH_SEARCH_PATHS = "$(inherited) @executable_path/Frameworks";
				MTL_ENABLE_DEBUG_INFO = INCLUDE_SOURCE;
				MTL_FAST_MATH = YES;
				PRODUCT_BUNDLE_IDENTIFIER = co.noltech.SwiftRadioTV;
				PRODUCT_NAME = "$(TARGET_NAME)";
				SDKROOT = appletvos;
				SWIFT_ACTIVE_COMPILATION_CONDITIONS = DEBUG;
				SWIFT_VERSION = 5.0;
				TARGETED_DEVICE_FAMILY = 3;
				TVOS_DEPLOYMENT_TARGET = 12.4;
			};
			name = Debug;
		};
		7356BF5223024ADB0042E541 /* Release */ = {
			isa = XCBuildConfiguration;
			baseConfigurationReference = 0FFDF6AA7515366B74955C7E /* Pods-SwiftRadioTV.release.xcconfig */;
			buildSettings = {
				ASSETCATALOG_COMPILER_APPICON_NAME = "App Icon & Top Shelf Image";
				ASSETCATALOG_COMPILER_LAUNCHIMAGE_NAME = LaunchImage;
				CLANG_ANALYZER_NONNULL = YES;
				CLANG_ANALYZER_NUMBER_OBJECT_CONVERSION = YES_AGGRESSIVE;
				CLANG_CXX_LANGUAGE_STANDARD = "gnu++14";
				CLANG_ENABLE_OBJC_WEAK = YES;
				CLANG_WARN_DOCUMENTATION_COMMENTS = YES;
				CLANG_WARN_UNGUARDED_AVAILABILITY = YES_AGGRESSIVE;
				CODE_SIGN_STYLE = Automatic;
				DEBUG_INFORMATION_FORMAT = "dwarf-with-dsym";
				DEVELOPMENT_TEAM = B529J562AT;
				GCC_C_LANGUAGE_STANDARD = gnu11;
				INFOPLIST_FILE = SwiftRadioTV/Info.plist;
				LD_RUNPATH_SEARCH_PATHS = "$(inherited) @executable_path/Frameworks";
				MTL_FAST_MATH = YES;
				PRODUCT_BUNDLE_IDENTIFIER = co.noltech.SwiftRadioTV;
				PRODUCT_NAME = "$(TARGET_NAME)";
				SDKROOT = appletvos;
				SWIFT_VERSION = 5.0;
				TARGETED_DEVICE_FAMILY = 3;
				TVOS_DEPLOYMENT_TARGET = 12.4;
			};
			name = Release;
		};
		9409E1361ABF6FEA00312E2B /* Debug */ = {
			isa = XCBuildConfiguration;
			buildSettings = {
				ALWAYS_SEARCH_USER_PATHS = NO;
				CLANG_ANALYZER_LOCALIZABILITY_NONLOCALIZED = YES;
				CLANG_CXX_LANGUAGE_STANDARD = "gnu++0x";
				CLANG_CXX_LIBRARY = "libc++";
				CLANG_ENABLE_MODULES = YES;
				CLANG_ENABLE_OBJC_ARC = YES;
				CLANG_WARN_BLOCK_CAPTURE_AUTORELEASING = YES;
				CLANG_WARN_BOOL_CONVERSION = YES;
				CLANG_WARN_COMMA = YES;
				CLANG_WARN_CONSTANT_CONVERSION = YES;
				CLANG_WARN_DEPRECATED_OBJC_IMPLEMENTATIONS = YES;
				CLANG_WARN_DIRECT_OBJC_ISA_USAGE = YES_ERROR;
				CLANG_WARN_EMPTY_BODY = YES;
				CLANG_WARN_ENUM_CONVERSION = YES;
				CLANG_WARN_INFINITE_RECURSION = YES;
				CLANG_WARN_INT_CONVERSION = YES;
				CLANG_WARN_NON_LITERAL_NULL_CONVERSION = YES;
				CLANG_WARN_OBJC_IMPLICIT_RETAIN_SELF = YES;
				CLANG_WARN_OBJC_LITERAL_CONVERSION = YES;
				CLANG_WARN_OBJC_ROOT_CLASS = YES_ERROR;
				CLANG_WARN_RANGE_LOOP_ANALYSIS = YES;
				CLANG_WARN_STRICT_PROTOTYPES = YES;
				CLANG_WARN_SUSPICIOUS_MOVE = YES;
				CLANG_WARN_UNREACHABLE_CODE = YES;
				CLANG_WARN__DUPLICATE_METHOD_MATCH = YES;
				"CODE_SIGN_IDENTITY[sdk=iphoneos*]" = "iPhone Developer";
				COPY_PHASE_STRIP = NO;
				ENABLE_STRICT_OBJC_MSGSEND = YES;
				ENABLE_TESTABILITY = YES;
				GCC_C_LANGUAGE_STANDARD = gnu99;
				GCC_DYNAMIC_NO_PIC = NO;
				GCC_NO_COMMON_BLOCKS = YES;
				GCC_OPTIMIZATION_LEVEL = 0;
				GCC_PREPROCESSOR_DEFINITIONS = (
					"DEBUG=1",
					"$(inherited)",
				);
				GCC_SYMBOLS_PRIVATE_EXTERN = NO;
				GCC_WARN_64_TO_32_BIT_CONVERSION = YES;
				GCC_WARN_ABOUT_RETURN_TYPE = YES_ERROR;
				GCC_WARN_UNDECLARED_SELECTOR = YES;
				GCC_WARN_UNINITIALIZED_AUTOS = YES_AGGRESSIVE;
				GCC_WARN_UNUSED_FUNCTION = YES;
				GCC_WARN_UNUSED_VARIABLE = YES;
				IPHONEOS_DEPLOYMENT_TARGET = 10.0;
				MTL_ENABLE_DEBUG_INFO = YES;
				ONLY_ACTIVE_ARCH = YES;
				SDKROOT = iphoneos;
				SWIFT_OPTIMIZATION_LEVEL = "-Onone";
			};
			name = Debug;
		};
		9409E1371ABF6FEA00312E2B /* Release */ = {
			isa = XCBuildConfiguration;
			buildSettings = {
				ALWAYS_SEARCH_USER_PATHS = NO;
				CLANG_ANALYZER_LOCALIZABILITY_NONLOCALIZED = YES;
				CLANG_CXX_LANGUAGE_STANDARD = "gnu++0x";
				CLANG_CXX_LIBRARY = "libc++";
				CLANG_ENABLE_MODULES = YES;
				CLANG_ENABLE_OBJC_ARC = YES;
				CLANG_WARN_BLOCK_CAPTURE_AUTORELEASING = YES;
				CLANG_WARN_BOOL_CONVERSION = YES;
				CLANG_WARN_COMMA = YES;
				CLANG_WARN_CONSTANT_CONVERSION = YES;
				CLANG_WARN_DEPRECATED_OBJC_IMPLEMENTATIONS = YES;
				CLANG_WARN_DIRECT_OBJC_ISA_USAGE = YES_ERROR;
				CLANG_WARN_EMPTY_BODY = YES;
				CLANG_WARN_ENUM_CONVERSION = YES;
				CLANG_WARN_INFINITE_RECURSION = YES;
				CLANG_WARN_INT_CONVERSION = YES;
				CLANG_WARN_NON_LITERAL_NULL_CONVERSION = YES;
				CLANG_WARN_OBJC_IMPLICIT_RETAIN_SELF = YES;
				CLANG_WARN_OBJC_LITERAL_CONVERSION = YES;
				CLANG_WARN_OBJC_ROOT_CLASS = YES_ERROR;
				CLANG_WARN_RANGE_LOOP_ANALYSIS = YES;
				CLANG_WARN_STRICT_PROTOTYPES = YES;
				CLANG_WARN_SUSPICIOUS_MOVE = YES;
				CLANG_WARN_UNREACHABLE_CODE = YES;
				CLANG_WARN__DUPLICATE_METHOD_MATCH = YES;
				"CODE_SIGN_IDENTITY[sdk=iphoneos*]" = "iPhone Developer";
				COPY_PHASE_STRIP = NO;
				ENABLE_NS_ASSERTIONS = NO;
				ENABLE_STRICT_OBJC_MSGSEND = YES;
				GCC_C_LANGUAGE_STANDARD = gnu99;
				GCC_NO_COMMON_BLOCKS = YES;
				GCC_WARN_64_TO_32_BIT_CONVERSION = YES;
				GCC_WARN_ABOUT_RETURN_TYPE = YES_ERROR;
				GCC_WARN_UNDECLARED_SELECTOR = YES;
				GCC_WARN_UNINITIALIZED_AUTOS = YES_AGGRESSIVE;
				GCC_WARN_UNUSED_FUNCTION = YES;
				GCC_WARN_UNUSED_VARIABLE = YES;
				IPHONEOS_DEPLOYMENT_TARGET = 10.0;
				MTL_ENABLE_DEBUG_INFO = NO;
				SDKROOT = iphoneos;
				SWIFT_OPTIMIZATION_LEVEL = "-Owholemodule";
				VALIDATE_PRODUCT = YES;
			};
			name = Release;
		};
		9409E1391ABF6FEA00312E2B /* Debug */ = {
			isa = XCBuildConfiguration;
			baseConfigurationReference = 32881C9443DC40929DC0A656 /* Pods-SwiftRadio.debug.xcconfig */;
			buildSettings = {
				ASSETCATALOG_COMPILER_APPICON_NAME = AppIcon;
				CLANG_ENABLE_MODULES = YES;
				CODE_SIGN_ENTITLEMENTS = SwiftRadio/SwiftRadio.entitlements;
				CODE_SIGN_IDENTITY = "iPhone Developer";
				"CODE_SIGN_IDENTITY[sdk=iphoneos*]" = "iPhone Developer";
				CODE_SIGN_STYLE = Manual;
				CURRENT_PROJECT_VERSION = 3;
				DEFINES_MODULE = YES;
				DEVELOPMENT_TEAM = B529J562AT;
				FRAMEWORK_SEARCH_PATHS = (
					"$(inherited)",
					"$(PROJECT_DIR)/SwiftRadio",
				);
				INFOPLIST_FILE = SwiftRadio/Info.plist;
				IPHONEOS_DEPLOYMENT_TARGET = 10.0;
				LD_RUNPATH_SEARCH_PATHS = "$(inherited) @executable_path/Frameworks";
				MARKETING_VERSION = 2.0.6;
				PRODUCT_BUNDLE_IDENTIFIER = co.noltech.muzikyradio;
				PRODUCT_NAME = SwiftRadio;
				PROVISIONING_PROFILE = "";
				PROVISIONING_PROFILE_SPECIFIER = "Dev-Muziky Radio";
				SWIFT_INSTALL_OBJC_HEADER = NO;
				SWIFT_OPTIMIZATION_LEVEL = "-Onone";
				SWIFT_VERSION = 5.0;
				TARGETED_DEVICE_FAMILY = "1,2";
			};
			name = Debug;
		};
		9409E13A1ABF6FEA00312E2B /* Release */ = {
			isa = XCBuildConfiguration;
			baseConfigurationReference = 7F712F254C15653ACE12F367 /* Pods-SwiftRadio.release.xcconfig */;
			buildSettings = {
				ASSETCATALOG_COMPILER_APPICON_NAME = AppIcon;
				CLANG_ENABLE_MODULES = YES;
				CODE_SIGN_ENTITLEMENTS = SwiftRadio/SwiftRadio.entitlements;
				CODE_SIGN_IDENTITY = "iPhone Distribution";
				"CODE_SIGN_IDENTITY[sdk=iphoneos*]" = "iPhone Developer";
				CODE_SIGN_STYLE = Manual;
				CURRENT_PROJECT_VERSION = 3;
				DEFINES_MODULE = YES;
				DEVELOPMENT_TEAM = B529J562AT;
				FRAMEWORK_SEARCH_PATHS = (
					"$(inherited)",
					"$(PROJECT_DIR)/SwiftRadio",
				);
				INFOPLIST_FILE = SwiftRadio/Info.plist;
				IPHONEOS_DEPLOYMENT_TARGET = 10.0;
				LD_RUNPATH_SEARCH_PATHS = "$(inherited) @executable_path/Frameworks";
				MARKETING_VERSION = 2.0.6;
				PRODUCT_BUNDLE_IDENTIFIER = co.noltech.muzikyradio;
				PRODUCT_NAME = SwiftRadio;
				PROVISIONING_PROFILE = "";
				PROVISIONING_PROFILE_SPECIFIER = "Dev-Muziky Radio";
				SWIFT_INSTALL_OBJC_HEADER = NO;
				SWIFT_VERSION = 5.0;
				TARGETED_DEVICE_FAMILY = "1,2";
			};
			name = Release;
		};
/* End XCBuildConfiguration section */

/* Begin XCConfigurationList section */
		2C5545C31C1124DE00728469 /* Build configuration list for PBXNativeTarget "SwiftRadioUITests" */ = {
			isa = XCConfigurationList;
			buildConfigurations = (
				2C5545C11C1124DE00728469 /* Debug */,
				2C5545C21C1124DE00728469 /* Release */,
			);
			defaultConfigurationIsVisible = 0;
			defaultConfigurationName = Release;
		};
		7356BF5323024ADB0042E541 /* Build configuration list for PBXNativeTarget "SwiftRadioTV" */ = {
			isa = XCConfigurationList;
			buildConfigurations = (
				7356BF5123024ADB0042E541 /* Debug */,
				7356BF5223024ADB0042E541 /* Release */,
			);
			defaultConfigurationIsVisible = 0;
			defaultConfigurationName = Release;
		};
		9409E1111ABF6FE900312E2B /* Build configuration list for PBXProject "SwiftRadio" */ = {
			isa = XCConfigurationList;
			buildConfigurations = (
				9409E1361ABF6FEA00312E2B /* Debug */,
				9409E1371ABF6FEA00312E2B /* Release */,
			);
			defaultConfigurationIsVisible = 0;
			defaultConfigurationName = Release;
		};
		9409E1381ABF6FEA00312E2B /* Build configuration list for PBXNativeTarget "SwiftRadio" */ = {
			isa = XCConfigurationList;
			buildConfigurations = (
				9409E1391ABF6FEA00312E2B /* Debug */,
				9409E13A1ABF6FEA00312E2B /* Release */,
			);
			defaultConfigurationIsVisible = 0;
			defaultConfigurationName = Release;
		};
/* End XCConfigurationList section */
	};
	rootObject = 9409E10E1ABF6FE900312E2B /* Project object */;
}
